
Microsoft Visual Studio Solution File, Format Version 12.00
# Visual Studio Version 16
VisualStudioVersion = 16.0.32106.194
MinimumVisualStudioVersion = 10.0.40219.1
Project("{FAE04EC0-301F-11D3-BF4B-00C04F79EFBC}") = "JobManager.Android", "JobManager.Android\JobManager.Android.csproj", "{C0166C73-4103-4E75-9261-AEEB94B2585C}"
EndProject
Project("{9A19103F-16F7-4668-BE54-9A1E7A4F7556}") = "JobManager", "JobManager\JobManager.csproj", "{A79BF0AE-3F2F-4BAF-A047-DD10E9A120BF}"
EndProject
Project("{9A19103F-16F7-4668-BE54-9A1E7A4F7556}") = "JobManager.API", "JobManager.API\JobManager.API.csproj", "{69524077-531A-4222-894E-16EA1F8F5C72}"
EndProject
Global
	GlobalSection(SolutionConfigurationPlatforms) = preSolution
		Debug|Any CPU = Debug|Any CPU
		Release|Any CPU = Release|Any CPU
	EndGlobalSection
	GlobalSection(ProjectConfigurationPlatforms) = postSolution
		{C0166C73-4103-4E75-9261-AEEB94B2585C}.Debug|Any CPU.ActiveCfg = Debug|Any CPU
		{C0166C73-4103-4E75-9261-AEEB94B2585C}.Debug|Any CPU.Build.0 = Debug|Any CPU
		{C0166C73-4103-4E75-9261-AEEB94B2585C}.Debug|Any CPU.Deploy.0 = Debug|Any CPU
		{C0166C73-4103-4E75-9261-AEEB94B2585C}.Release|Any CPU.ActiveCfg = Release|Any CPU
		{C0166C73-4103-4E75-9261-AEEB94B2585C}.Release|Any CPU.Build.0 = Release|Any CPU
		{C0166C73-4103-4E75-9261-AEEB94B2585C}.Release|Any CPU.Deploy.0 = Release|Any CPU
		{A79BF0AE-3F2F-4BAF-A047-DD10E9A120BF}.Debug|Any CPU.ActiveCfg = Debug|Any CPU
		{A79BF0AE-3F2F-4BAF-A047-DD10E9A120BF}.Debug|Any CPU.Build.0 = Debug|Any CPU
		{A79BF0AE-3F2F-4BAF-A047-DD10E9A120BF}.Debug|Any CPU.Deploy.0 = Debug|Any CPU
		{A79BF0AE-3F2F-4BAF-A047-DD10E9A120BF}.Release|Any CPU.ActiveCfg = Release|Any CPU
		{A79BF0AE-3F2F-4BAF-A047-DD10E9A120BF}.Release|Any CPU.Build.0 = Release|Any CPU
		{A79BF0AE-3F2F-4BAF-A047-DD10E9A120BF}.Release|Any CPU.Deploy.0 = Release|Any CPU
		{69524077-531A-4222-894E-16EA1F8F5C72}.Debug|Any CPU.ActiveCfg = Debug|Any CPU
		{69524077-531A-4222-894E-16EA1F8F5C72}.Debug|Any CPU.Build.0 = Debug|Any CPU
		{69524077-531A-4222-894E-16EA1F8F5C72}.Release|Any CPU.ActiveCfg = Release|Any CPU
		{69524077-531A-4222-894E-16EA1F8F5C72}.Release|Any CPU.Build.0 = Release|Any CPU
	EndGlobalSection
	GlobalSection(SolutionProperties) = preSolution
		HideSolutionNode = FALSE
	EndGlobalSection
	GlobalSection(ExtensibilityGlobals) = postSolution
		SolutionGuid = {FEE8B55A-AF5D-445F-AE81-2B42A206D1E8}
	EndGlobalSection
EndGlobal
